
Microsoft Visual Studio Solution File, Format Version 12.00
# Visual Studio 14
VisualStudioVersion = 14.0.25420.1
MinimumVisualStudioVersion = 10.0.40219.1
Project("{FAE04EC0-301F-11D3-BF4B-00C04F79EFBC}") = "ClientApp", "ClientApp\ClientApp.csproj", "{A9C78DC8-86C7-4009-AB43-27069BF10389}"
EndProject
Project("{FAE04EC0-301F-11D3-BF4B-00C04F79EFBC}") = "ServeApp", "ServeApp\ServeApp.csproj", "{4B545DB6-D087-4BB5-9CE9-7530D9D490A6}"
EndProject
Global
	GlobalSection(SolutionConfigurationPlatforms) = preSolution
		Debug|Any CPU = Debug|Any CPU
		Release|Any CPU = Release|Any CPU
	EndGlobalSection
	GlobalSection(ProjectConfigurationPlatforms) = postSolution
		{A9C78DC8-86C7-4009-AB43-27069BF10389}.Debug|Any CPU.ActiveCfg = Debug|Any CPU
		{A9C78DC8-86C7-4009-AB43-27069BF10389}.Debug|Any CPU.Build.0 = Debug|Any CPU
		{A9C78DC8-86C7-4009-AB43-27069BF10389}.Release|Any CPU.ActiveCfg = Release|Any CPU
		{A9C78DC8-86C7-4009-AB43-27069BF10389}.Release|Any CPU.Build.0 = Release|Any CPU
		{4B545DB6-D087-4BB5-9CE9-7530D9D490A6}.Debug|Any CPU.ActiveCfg = Debug|Any CPU
		{4B545DB6-D087-4BB5-9CE9-7530D9D490A6}.Debug|Any CPU.Build.0 = Debug|Any CPU
		{4B545DB6-D087-4BB5-9CE9-7530D9D490A6}.Release|Any CPU.ActiveCfg = Release|Any CPU
		{4B545DB6-D087-4BB5-9CE9-7530D9D490A6}.Release|Any CPU.Build.0 = Release|Any CPU
	EndGlobalSection
	GlobalSection(SolutionProperties) = preSolution
		HideSolutionNode = FALSE
	EndGlobalSection
EndGlobal
